
Microsoft Visual Studio Solution File, Format Version 12.00
# Visual Studio Version 17
VisualStudioVersion = 17.5.33402.96
MinimumVisualStudioVersion = 10.0.40219.1
Project("{9A19103F-16F7-4668-BE54-9A1E7A4F7556}") = "Gum", "src\Gum\Gum.csproj", "{45F3B763-195A-4043-B775-B2A5D6B6DFA8}"
EndProject
Project("{FAE04EC0-301F-11D3-BF4B-00C04F79EFBC}") = "Gum.Tests", "src\Gum.Tests\Gum.Tests.csproj", "{5187E4FE-E651-4270-8030-1FDB58AC945C}"
EndProject
Global
	GlobalSection(SolutionConfigurationPlatforms) = preSolution
		Debug|Any CPU = Debug|Any CPU
		Release|Any CPU = Release|Any CPU
	EndGlobalSection
	GlobalSection(ProjectConfigurationPlatforms) = postSolution
		{45F3B763-195A-4043-B775-B2A5D6B6DFA8}.Debug|Any CPU.ActiveCfg = Debug|Any CPU
		{45F3B763-195A-4043-B775-B2A5D6B6DFA8}.Debug|Any CPU.Build.0 = Debug|Any CPU
		{45F3B763-195A-4043-B775-B2A5D6B6DFA8}.Release|Any CPU.ActiveCfg = Release|Any CPU
		{45F3B763-195A-4043-B775-B2A5D6B6DFA8}.Release|Any CPU.Build.0 = Release|Any CPU
		{5187E4FE-E651-4270-8030-1FDB58AC945C}.Debug|Any CPU.ActiveCfg = Debug|Any CPU
		{5187E4FE-E651-4270-8030-1FDB58AC945C}.Debug|Any CPU.Build.0 = Debug|Any CPU
		{5187E4FE-E651-4270-8030-1FDB58AC945C}.Release|Any CPU.ActiveCfg = Release|Any CPU
		{5187E4FE-E651-4270-8030-1FDB58AC945C}.Release|Any CPU.Build.0 = Release|Any CPU
	EndGlobalSection
	GlobalSection(SolutionProperties) = preSolution
		HideSolutionNode = FALSE
	EndGlobalSection
	GlobalSection(ExtensibilityGlobals) = postSolution
		SolutionGuid = {D639C3D9-7314-4FDD-A2B2-EA42AA045F8F}
	EndGlobalSection
EndGlobal
